
Microsoft Visual Studio Solution File, Format Version 12.00
# Visual Studio 2013
VisualStudioVersion = 12.0.31101.0
MinimumVisualStudioVersion = 10.0.40219.1
Project("{FAE04EC0-301F-11D3-BF4B-00C04F79EFBC}") = "Datas", "Datas\Datas.csproj", "{FE984959-2AA8-4464-AEA2-5271BB39ADA0}"
EndProject
Project("{E24C65DC-7377-472B-9ABA-BC803B73C61A}") = "WebSite", "http://localhost:1229", "{83BEB1A1-10CE-4A60-B9F3-5571E0BF0072}"
	ProjectSection(WebsiteProperties) = preProject
		UseIISExpress = "true"
		TargetFrameworkMoniker = ".NETFramework,Version%3Dv4.5"
		Debug.AspNetCompiler.VirtualPath = "/localhost_1229"
		Debug.AspNetCompiler.PhysicalPath = "WebSite\"
		Debug.AspNetCompiler.TargetPath = "PrecompiledWeb\localhost_1229\"
		Debug.AspNetCompiler.Updateable = "true"
		Debug.AspNetCompiler.ForceOverwrite = "true"
		Debug.AspNetCompiler.FixedNames = "false"
		Debug.AspNetCompiler.Debug = "True"
		Release.AspNetCompiler.VirtualPath = "/localhost_1229"
		Release.AspNetCompiler.PhysicalPath = "WebSite\"
		Release.AspNetCompiler.TargetPath = "PrecompiledWeb\localhost_1229\"
		Release.AspNetCompiler.Updateable = "true"
		Release.AspNetCompiler.ForceOverwrite = "true"
		Release.AspNetCompiler.FixedNames = "false"
		Release.AspNetCompiler.Debug = "False"
		SlnRelativePath = "WebSite\"
	EndProjectSection
EndProject
Project("{FAE04EC0-301F-11D3-BF4B-00C04F79EFBC}") = "Pricer", "Pricer\Pricer.csproj", "{27089891-4505-43C6-8F72-6D564DBE770A}"
EndProject
Project("{FAE04EC0-301F-11D3-BF4B-00C04F79EFBC}") = "Manager", "Manager\Manager.csproj", "{ED5AC5EE-1BA0-4081-A54F-020E0025A311}"
EndProject
Global
	GlobalSection(SolutionConfigurationPlatforms) = preSolution
		Debug|Any CPU = Debug|Any CPU
		Release|Any CPU = Release|Any CPU
	EndGlobalSection
	GlobalSection(ProjectConfigurationPlatforms) = postSolution
		{FE984959-2AA8-4464-AEA2-5271BB39ADA0}.Debug|Any CPU.ActiveCfg = Debug|Any CPU
		{FE984959-2AA8-4464-AEA2-5271BB39ADA0}.Debug|Any CPU.Build.0 = Debug|Any CPU
		{FE984959-2AA8-4464-AEA2-5271BB39ADA0}.Release|Any CPU.ActiveCfg = Release|Any CPU
		{FE984959-2AA8-4464-AEA2-5271BB39ADA0}.Release|Any CPU.Build.0 = Release|Any CPU
		{83BEB1A1-10CE-4A60-B9F3-5571E0BF0072}.Debug|Any CPU.ActiveCfg = Debug|Any CPU
		{83BEB1A1-10CE-4A60-B9F3-5571E0BF0072}.Debug|Any CPU.Build.0 = Debug|Any CPU
		{83BEB1A1-10CE-4A60-B9F3-5571E0BF0072}.Release|Any CPU.ActiveCfg = Debug|Any CPU
		{83BEB1A1-10CE-4A60-B9F3-5571E0BF0072}.Release|Any CPU.Build.0 = Debug|Any CPU
		{27089891-4505-43C6-8F72-6D564DBE770A}.Debug|Any CPU.ActiveCfg = Debug|Any CPU
		{27089891-4505-43C6-8F72-6D564DBE770A}.Debug|Any CPU.Build.0 = Debug|Any CPU
		{27089891-4505-43C6-8F72-6D564DBE770A}.Release|Any CPU.ActiveCfg = Release|Any CPU
		{27089891-4505-43C6-8F72-6D564DBE770A}.Release|Any CPU.Build.0 = Release|Any CPU
		{ED5AC5EE-1BA0-4081-A54F-020E0025A311}.Debug|Any CPU.ActiveCfg = Debug|Any CPU
		{ED5AC5EE-1BA0-4081-A54F-020E0025A311}.Debug|Any CPU.Build.0 = Debug|Any CPU
		{ED5AC5EE-1BA0-4081-A54F-020E0025A311}.Release|Any CPU.ActiveCfg = Release|Any CPU
		{ED5AC5EE-1BA0-4081-A54F-020E0025A311}.Release|Any CPU.Build.0 = Release|Any CPU
	EndGlobalSection
	GlobalSection(SolutionProperties) = preSolution
		HideSolutionNode = FALSE
	EndGlobalSection
EndGlobal
